
Microsoft Visual Studio Solution File, Format Version 12.00
# Visual Studio Version 17
VisualStudioVersion = 17.4.33213.308
MinimumVisualStudioVersion = 10.0.40219.1
Project("{8BC9CEB8-8B4A-11D0-8D11-00A0C91BC942}") = "photo-waterfall", "photo-waterfall.vcxproj", "{E0AEAD6A-D9EB-49E4-B284-D83114372891}"
EndProject
Global
	GlobalSection(SolutionConfigurationPlatforms) = preSolution
		Release|x64 = Release|x64
	EndGlobalSection
	GlobalSection(ProjectConfigurationPlatforms) = postSolution
		{E0AEAD6A-D9EB-49E4-B284-D83114372891}.Release|x64.ActiveCfg = Release|x64
		{E0AEAD6A-D9EB-49E4-B284-D83114372891}.Release|x64.Build.0 = Release|x64
	EndGlobalSection
	GlobalSection(SolutionProperties) = preSolution
		HideSolutionNode = FALSE
	EndGlobalSection
	GlobalSection(ExtensibilityGlobals) = postSolution
		SolutionGuid = {0F8889CE-7FB7-4323-8FDD-A56F671650AC}
	EndGlobalSection
EndGlobal
